
Microsoft Visual Studio Solution File, Format Version 12.00
# Visual Studio 15
VisualStudioVersion = 15.0.26430.6
MinimumVisualStudioVersion = 10.0.40219.1
Project("{8BC9CEB8-8B4A-11D0-8D11-00A0C91BC942}") = "simple_lfsr", "simple_lfsr\simple_lfsr.vcxproj", "{C97A8585-5E4E-4275-A7E7-FF87BBA4EC42}"
EndProject
Project("{2150E333-8FDC-42A3-9474-1A3956D46DE8}") = "Solution Items", "Solution Items", "{DBECA883-32B1-42A4-8F85-007ED252C15E}"
	ProjectSection(SolutionItems) = preProject
		.gitignore = .gitignore
	EndProjectSection
EndProject
Project("{8BC9CEB8-8B4A-11D0-8D11-00A0C91BC942}") = "simple_lfsr_tb", "simple_lfsr_tb\simple_lfsr_tb.vcxproj", "{EBB1E4E5-B3D0-4F66-92F2-212E5E17F150}"
EndProject
Global
	GlobalSection(SolutionConfigurationPlatforms) = preSolution
		Debug|x64 = Debug|x64
		Debug|x86 = Debug|x86
		Release|x64 = Release|x64
		Release|x86 = Release|x86
	EndGlobalSection
	GlobalSection(ProjectConfigurationPlatforms) = postSolution
		{C97A8585-5E4E-4275-A7E7-FF87BBA4EC42}.Debug|x64.ActiveCfg = Debug|x64
		{C97A8585-5E4E-4275-A7E7-FF87BBA4EC42}.Debug|x64.Build.0 = Debug|x64
		{C97A8585-5E4E-4275-A7E7-FF87BBA4EC42}.Debug|x86.ActiveCfg = Debug|Win32
		{C97A8585-5E4E-4275-A7E7-FF87BBA4EC42}.Debug|x86.Build.0 = Debug|Win32
		{C97A8585-5E4E-4275-A7E7-FF87BBA4EC42}.Release|x64.ActiveCfg = Release|x64
		{C97A8585-5E4E-4275-A7E7-FF87BBA4EC42}.Release|x64.Build.0 = Release|x64
		{C97A8585-5E4E-4275-A7E7-FF87BBA4EC42}.Release|x86.ActiveCfg = Release|Win32
		{C97A8585-5E4E-4275-A7E7-FF87BBA4EC42}.Release|x86.Build.0 = Release|Win32
		{EBB1E4E5-B3D0-4F66-92F2-212E5E17F150}.Debug|x64.ActiveCfg = Debug|x64
		{EBB1E4E5-B3D0-4F66-92F2-212E5E17F150}.Debug|x64.Build.0 = Debug|x64
		{EBB1E4E5-B3D0-4F66-92F2-212E5E17F150}.Debug|x86.ActiveCfg = Debug|Win32
		{EBB1E4E5-B3D0-4F66-92F2-212E5E17F150}.Debug|x86.Build.0 = Debug|Win32
		{EBB1E4E5-B3D0-4F66-92F2-212E5E17F150}.Release|x64.ActiveCfg = Release|x64
		{EBB1E4E5-B3D0-4F66-92F2-212E5E17F150}.Release|x64.Build.0 = Release|x64
		{EBB1E4E5-B3D0-4F66-92F2-212E5E17F150}.Release|x86.ActiveCfg = Release|Win32
		{EBB1E4E5-B3D0-4F66-92F2-212E5E17F150}.Release|x86.Build.0 = Release|Win32
	EndGlobalSection
	GlobalSection(SolutionProperties) = preSolution
		HideSolutionNode = FALSE
	EndGlobalSection
EndGlobal
